
Microsoft Visual Studio Solution File, Format Version 12.00
# Visual Studio 15
VisualStudioVersion = 15.0.26730.12
MinimumVisualStudioVersion = 10.0.40219.1
Project("{FAE04EC0-301F-11D3-BF4B-00C04F79EFBC}") = "WebWhatsappBotCore", "WebWhatsappAPI\WebWhatsappBotCore.csproj", "{F04A0119-CDEC-4C05-88EC-AE40E47F8CDC}"
EndProject
Project("{FAE04EC0-301F-11D3-BF4B-00C04F79EFBC}") = "DanielExample", "ModularExample\DanielExample.csproj", "{B360EAC2-691C-4214-A7D9-3A68786B65AB}"
EndProject
Global
	GlobalSection(SolutionConfigurationPlatforms) = preSolution
		Debug|Any CPU = Debug|Any CPU
		Release|Any CPU = Release|Any CPU
	EndGlobalSection
	GlobalSection(ProjectConfigurationPlatforms) = postSolution
		{F04A0119-CDEC-4C05-88EC-AE40E47F8CDC}.Debug|Any CPU.ActiveCfg = Debug|Any CPU
		{F04A0119-CDEC-4C05-88EC-AE40E47F8CDC}.Debug|Any CPU.Build.0 = Debug|Any CPU
		{F04A0119-CDEC-4C05-88EC-AE40E47F8CDC}.Release|Any CPU.ActiveCfg = Release|Any CPU
		{F04A0119-CDEC-4C05-88EC-AE40E47F8CDC}.Release|Any CPU.Build.0 = Release|Any CPU
		{B360EAC2-691C-4214-A7D9-3A68786B65AB}.Debug|Any CPU.ActiveCfg = Debug|Any CPU
		{B360EAC2-691C-4214-A7D9-3A68786B65AB}.Debug|Any CPU.Build.0 = Debug|Any CPU
		{B360EAC2-691C-4214-A7D9-3A68786B65AB}.Release|Any CPU.ActiveCfg = Release|Any CPU
		{B360EAC2-691C-4214-A7D9-3A68786B65AB}.Release|Any CPU.Build.0 = Release|Any CPU
	EndGlobalSection
	GlobalSection(SolutionProperties) = preSolution
		HideSolutionNode = FALSE
	EndGlobalSection
	GlobalSection(ExtensibilityGlobals) = postSolution
		SolutionGuid = {EA3D1D34-5363-4116-A6D6-9B5EC6D11ECD}
	EndGlobalSection
EndGlobal
